// !$*UTF8*$!
{
	archiveVersion = 1;
	classes = {
	};
	objectVersion = 51;
	objects = {

/* Begin PBXBuildFile section */
		093B3A65E48DA2F8F1C4A1AD /* Pods_a211LoginF.framework in Frameworks */ = {isa = PBXBuildFile; fileRef = 28963F75CA3F2ACB05D6561F /* Pods_a211LoginF.framework */; };
		3B5B28C9258DF8E5006E7DC0 /* GoogleService-Info.plist in Resources */ = {isa = PBXBuildFile; fileRef = 3B5B28C8258DF8E5006E7DC0 /* GoogleService-Info.plist */; };
		3BC8589D258DE46B00147F8F /* AppDelegate.swift in Sources */ = {isa = PBXBuildFile; fileRef = 3BC8589C258DE46B00147F8F /* AppDelegate.swift */; };
		3BC8589F258DE46B00147F8F /* SceneDelegate.swift in Sources */ = {isa = PBXBuildFile; fileRef = 3BC8589E258DE46B00147F8F /* SceneDelegate.swift */; };
		3BC858A1258DE46B00147F8F /* ViewController.swift in Sources */ = {isa = PBXBuildFile; fileRef = 3BC858A0258DE46B00147F8F /* ViewController.swift */; };
		3BC858A4258DE46B00147F8F /* Main.storyboard in Resources */ = {isa = PBXBuildFile; fileRef = 3BC858A2258DE46B00147F8F /* Main.storyboard */; };
		3BC858A6258DE46E00147F8F /* Assets.xcassets in Resources */ = {isa = PBXBuildFile; fileRef = 3BC858A5258DE46E00147F8F /* Assets.xcassets */; };
		3BC858A9258DE46E00147F8F /* LaunchScreen.storyboard in Resources */ = {isa = PBXBuildFile; fileRef = 3BC858A7258DE46E00147F8F /* LaunchScreen.storyboard */; };
/* End PBXBuildFile section */

/* Begin PBXFileReference section */
		28963F75CA3F2ACB05D6561F /* Pods_a211LoginF.framework */ = {isa = PBXFileReference; explicitFileType = wrapper.framework; includeInIndex = 0; path = Pods_a211LoginF.framework; sourceTree = BUILT_PRODUCTS_DIR; };
		2F95400B1436A877F5B9EC69 /* Pods-a211LoginF.release.xcconfig */ = {isa = PBXFileReference; includeInIndex = 1; lastKnownFileType = text.xcconfig; name = "Pods-a211LoginF.release.xcconfig"; path = "Target Support Files/Pods-a211LoginF/Pods-a211LoginF.release.xcconfig"; sourceTree = "<group>"; };
		3B5B28C8258DF8E5006E7DC0 /* GoogleService-Info.plist */ = {isa = PBXFileReference; fileEncoding = 4; lastKnownFileType = text.plist.xml; path = "GoogleService-Info.plist"; sourceTree = "<group>"; };
		3BC85899258DE46B00147F8F /* a211LoginF.app */ = {isa = PBXFileReference; explicitFileType = wrapper.application; includeInIndex = 0; path = a211LoginF.app; sourceTree = BUILT_PRODUCTS_DIR; };
		3BC8589C258DE46B00147F8F /* AppDelegate.swift */ = {isa = PBXFileReference; lastKnownFileType = sourcecode.swift; path = AppDelegate.swift; sourceTree = "<group>"; };
		3BC8589E258DE46B00147F8F /* SceneDelegate.swift */ = {isa = PBXFileReference; lastKnownFileType = sourcecode.swift; path = SceneDelegate.swift; sourceTree = "<group>"; };
		3BC858A0258DE46B00147F8F /* ViewController.swift */ = {isa = PBXFileReference; lastKnownFileType = sourcecode.swift; path = ViewController.swift; sourceTree = "<group>"; };
		3BC858A3258DE46B00147F8F /* Base */ = {isa = PBXFileReference; lastKnownFileType = file.storyboard; name = Base; path = Base.lproj/Main.storyboard; sourceTree = "<group>"; };
		3BC858A5258DE46E00147F8F /* Assets.xcassets */ = {isa = PBXFileReference; lastKnownFileType = folder.assetcatalog; path = Assets.xcassets; sourceTree = "<group>"; };
		3BC858A8258DE46E00147F8F /* Base */ = {isa = PBXFileReference; lastKnownFileType = file.storyboard; name = Base; path = Base.lproj/LaunchScreen.storyboard; sourceTree = "<group>"; };
		3BC858AA258DE46E00147F8F /* Info.plist */ = {isa = PBXFileReference; lastKnownFileType = text.plist.xml; path = Info.plist; sourceTree = "<group>"; };
		DD94583EA37108A90312B699 /* Pods-a211LoginF.debug.xcconfig */ = {isa = PBXFileReference; includeInIndex = 1; lastKnownFileType = text.xcconfig; name = "Pods-a211LoginF.debug.xcconfig"; path = "Target Support Files/Pods-a211LoginF/Pods-a211LoginF.debug.xcconfig"; sourceTree = "<group>"; };
/* End PBXFileReference section */

/* Begin PBXFrameworksBuildPhase section */
		3BC85896258DE46B00147F8F /* Frameworks */ = {
			isa = PBXFrameworksBuildPhase;
			buildActionMask = 2147483647;
			files = (
				093B3A65E48DA2F8F1C4A1AD /* Pods_a211LoginF.framework in Frameworks */,
			);
			runOnlyForDeploymentPostprocessing = 0;
		};
/* End PBXFrameworksBuildPhase section */

/* Begin PBXGroup section */
		2DC25EEC87D07DB2AB9F356F /* Pods */ = {
			isa = PBXGroup;
			children = (
				DD94583EA37108A90312B699 /* Pods-a211LoginF.debug.xcconfig */,
				2F95400B1436A877F5B9EC69 /* Pods-a211LoginF.release.xcconfig */,
			);
			path = Pods;
			sourceTree = "<group>";
		};
		3BC85890258DE46B00147F8F = {
			isa = PBXGroup;
			children = (
				3B5B28C8258DF8E5006E7DC0 /* GoogleService-Info.plist */,
				3BC8589B258DE46B00147F8F /* a211LoginF */,
				3BC8589A258DE46B00147F8F /* Products */,
				2DC25EEC87D07DB2AB9F356F /* Pods */,
				F42CCD166B3B155C324D2387 /* Frameworks */,
			);
			sourceTree = "<group>";
		};
		3BC8589A258DE46B00147F8F /* Products */ = {
			isa = PBXGroup;
			children = (
				3BC85899258DE46B00147F8F /* a211LoginF.app */,
			);
			name = Products;
			sourceTree = "<group>";
		};
		3BC8589B258DE46B00147F8F /* a211LoginF */ = {
			isa = PBXGroup;
			children = (
				3BC8589C258DE46B00147F8F /* AppDelegate.swift */,
				3BC8589E258DE46B00147F8F /* SceneDelegate.swift */,
				3BC858A0258DE46B00147F8F /* ViewController.swift */,
				3BC858A2258DE46B00147F8F /* Main.storyboard */,
				3BC858A5258DE46E00147F8F /* Assets.xcassets */,
				3BC858A7258DE46E00147F8F /* LaunchScreen.storyboard */,
				3BC858AA258DE46E00147F8F /* Info.plist */,
			);
			path = a211LoginF;
			sourceTree = "<group>";
		};
		F42CCD166B3B155C324D2387 /* Frameworks */ = {
			isa = PBXGroup;
			children = (
				28963F75CA3F2ACB05D6561F /* Pods_a211LoginF.framework */,
			);
			name = Frameworks;
			sourceTree = "<group>";
		};
/* End PBXGroup section */

/* Begin PBXNativeTarget section */
		3BC85898258DE46B00147F8F /* a211LoginF */ = {
			isa = PBXNativeTarget;
			buildConfigurationList = 3BC858AD258DE46E00147F8F /* Build configuration list for PBXNativeTarget "a211LoginF" */;
			buildPhases = (
				B2770A14232490350079F970 /* [CP] Check Pods Manifest.lock */,
				3BC85895258DE46B00147F8F /* Sources */,
				3BC85896258DE46B00147F8F /* Frameworks */,
				3BC85897258DE46B00147F8F /* Resources */,
				D1CBC5994F7018BAF97541F2 /* [CP] Embed Pods Frameworks */,
			);
			buildRules = (
			);
			dependencies = (
			);
			name = a211LoginF;
			productName = a211LoginF;
			productReference = 3BC85899258DE46B00147F8F /* a211LoginF.app */;
			productType = "com.apple.product-type.application";
		};
/* End PBXNativeTarget section */

/* Begin PBXProject section */
		3BC85891258DE46B00147F8F /* Project object */ = {
			isa = PBXProject;
			attributes = {
				LastSwiftUpdateCheck = 1230;
				LastUpgradeCheck = 1230;
				TargetAttributes = {
					3BC85898258DE46B00147F8F = {
						CreatedOnToolsVersion = 12.3;
					};
				};
			};
			buildConfigurationList = 3BC85894258DE46B00147F8F /* Build configuration list for PBXProject "a211LoginF" */;
			compatibilityVersion = "Xcode 9.3";
			developmentRegion = en;
			hasScannedForEncodings = 0;
			knownRegions = (
				en,
				Base,
			);
			mainGroup = 3BC85890258DE46B00147F8F;
			productRefGroup = 3BC8589A258DE46B00147F8F /* Products */;
			projectDirPath = "";
			projectRoot = "";
			targets = (
				3BC85898258DE46B00147F8F /* a211LoginF */,
			);
		};
/* End PBXProject section */

/* Begin PBXResourcesBuildPhase section */
		3BC85897258DE46B00147F8F /* Resources */ = {
			isa = PBXResourcesBuildPhase;
			buildActionMask = 2147483647;
			files = (
				3BC858A9258DE46E00147F8F /* LaunchScreen.storyboard in Resources */,
				3B5B28C9258DF8E5006E7DC0 /* GoogleService-Info.plist in Resources */,
				3BC858A6258DE46E00147F8F /* Assets.xcassets in Resources */,
				3BC858A4258DE46B00147F8F /* Main.storyboard in Resources */,
			);
			runOnlyForDeploymentPostprocessing = 0;
		};
/* End PBXResourcesBuildPhase section */

/* Begin PBXShellScriptBuildPhase section */
		B2770A14232490350079F970 /* [CP] Check Pods Manifest.lock */ = {
			isa = PBXShellScriptBuildPhase;
			buildActionMask = 2147483647;
			files = (
			);
			inputFileListPaths = (
			);
			inputPaths = (
				"${PODS_PODFILE_DIR_PATH}/Podfile.lock",
				"${PODS_ROOT}/Manifest.lock",
			);
			name = "[CP] Check Pods Manifest.lock";
			outputFileListPaths = (
			);
			outputPaths = (
				"$(DERIVED_FILE_DIR)/Pods-a211LoginF-checkManifestLockResult.txt",
			);
			runOnlyForDeploymentPostprocessing = 0;
			shellPath = /bin/sh;
			shellScript = "diff \"${PODS_PODFILE_DIR_PATH}/Podfile.lock\" \"${PODS_ROOT}/Manifest.lock\" > /dev/null\nif [ $? != 0 ] ; then\n    # print error to STDERR\n    echo \"error: The sandbox is not in sync with the Podfile.lock. Run 'pod install' or update your CocoaPods installation.\" >&2\n    exit 1\nfi\n# This output is used by Xcode 'outputs' to avoid re-running this script phase.\necho \"SUCCESS\" > \"${SCRIPT_OUTPUT_FILE_0}\"\n";
			showEnvVarsInLog = 0;
		};
		D1CBC5994F7018BAF97541F2 /* [CP] Embed Pods Frameworks */ = {
			isa = PBXShellScriptBuildPhase;
			buildActionMask = 2147483647;
			files = (
			);
			inputFileListPaths = (
				"${PODS_ROOT}/Target Support Files/Pods-a211LoginF/Pods-a211LoginF-frameworks-${CONFIGURATION}-input-files.xcfilelist",
			);
			name = "[CP] Embed Pods Frameworks";
			outputFileListPaths = (
				"${PODS_ROOT}/Target Support Files/Pods-a211LoginF/Pods-a211LoginF-frameworks-${CONFIGURATION}-output-files.xcfilelist",
			);
			runOnlyForDeploymentPostprocessing = 0;
			shellPath = /bin/sh;
			shellScript = "\"${PODS_ROOT}/Target Support Files/Pods-a211LoginF/Pods-a211LoginF-frameworks.sh\"\n";
			showEnvVarsInLog = 0;
		};
/* End PBXShellScriptBuildPhase section */

/* Begin PBXSourcesBuildPhase section */
		3BC85895258DE46B00147F8F /* Sources */ = {
			isa = PBXSourcesBuildPhase;
			buildActionMask = 2147483647;
			files = (
				3BC858A1258DE46B00147F8F /* ViewController.swift in Sources */,
				3BC8589D258DE46B00147F8F /* AppDelegate.swift in Sources */,
				3BC8589F258DE46B00147F8F /* SceneDelegate.swift in Sources */,
			);
			runOnlyForDeploymentPostprocessing = 0;
		};
/* End PBXSourcesBuildPhase section */

/* Begin PBXVariantGroup section */
		3BC858A2258DE46B00147F8F /* Main.storyboard */ = {
			isa = PBXVariantGroup;
			children = (
				3BC858A3258DE46B00147F8F /* Base */,
			);
			name = Main.storyboard;
			sourceTree = "<group>";
		};
		3BC858A7258DE46E00147F8F /* LaunchScreen.storyboard */ = {
			isa = PBXVariantGroup;
			children = (
				3BC858A8258DE46E00147F8F /* Base */,
			);
			name = LaunchScreen.storyboard;
			sourceTree = "<group>";
		};
/* End PBXVariantGroup section */

/* Begin XCBuildConfiguration section */
		3BC858AB258DE46E00147F8F /* Debug */ = {
			isa = XCBuildConfiguration;
			buildSettings = {
				ALWAYS_SEARCH_USER_PATHS = NO;
				CLANG_ANALYZER_NONNULL = YES;
				CLANG_ANALYZER_NUMBER_OBJECT_CONVERSION = YES_AGGRESSIVE;
				CLANG_CXX_LANGUAGE_STANDARD = "gnu++14";
				CLANG_CXX_LIBRARY = "libc++";
				CLANG_ENABLE_MODULES = YES;
				CLANG_ENABLE_OBJC_ARC = YES;
				CLANG_ENABLE_OBJC_WEAK = YES;
				CLANG_WARN_BLOCK_CAPTURE_AUTORELEASING = YES;
				CLANG_WARN_BOOL_CONVERSION = YES;
				CLANG_WARN_COMMA = YES;
				CLANG_WARN_CONSTANT_CONVERSION = YES;
				CLANG_WARN_DEPRECATED_OBJC_IMPLEMENTATIONS = YES;
				CLANG_WARN_DIRECT_OBJC_ISA_USAGE = YES_ERROR;
				CLANG_WARN_DOCUMENTATION_COMMENTS = YES;
				CLANG_WARN_EMPTY_BODY = YES;
				CLANG_WARN_ENUM_CONVERSION = YES;
				CLANG_WARN_INFINITE_RECURSION = YES;
				CLANG_WARN_INT_CONVERSION = YES;
				CLANG_WARN_NON_LITERAL_NULL_CONVERSION = YES;
				CLANG_WARN_OBJC_IMPLICIT_RETAIN_SELF = YES;
				CLANG_WARN_OBJC_LITERAL_CONVERSION = YES;
				CLANG_WARN_OBJC_ROOT_CLASS = YES_ERROR;
				CLANG_WARN_QUOTED_INCLUDE_IN_FRAMEWORK_HEADER = YES;
				CLANG_WARN_RANGE_LOOP_ANALYSIS = YES;
				CLANG_WARN_STRICT_PROTOTYPES = YES;
				CLANG_WARN_SUSPICIOUS_MOVE = YES;
				CLANG_WARN_UNGUARDED_AVAILABILITY = YES_AGGRESSIVE;
				CLANG_WARN_UNREACHABLE_CODE = YES;
				CLANG_WARN__DUPLICATE_METHOD_MATCH = YES;
				COPY_PHASE_STRIP = NO;
				DEBUG_INFORMATION_FORMAT = dwarf;
				ENABLE_STRICT_OBJC_MSGSEND = YES;
				ENABLE_TESTABILITY = YES;
				GCC_C_LANGUAGE_STANDARD = gnu11;
				GCC_DYNAMIC_NO_PIC = NO;
				GCC_NO_COMMON_BLOCKS = YES;
				GCC_OPTIMIZATION_LEVEL = 0;
				GCC_PREPROCESSOR_DEFINITIONS = (
					"DEBUG=1",
					"$(inherited)",
				);
				GCC_WARN_64_TO_32_BIT_CONVERSION = YES;
				GCC_WARN_ABOUT_RETURN_TYPE = YES_ERROR;
				GCC_WARN_UNDECLARED_SELECTOR = YES;
				GCC_WARN_UNINITIALIZED_AUTOS = YES_AGGRESSIVE;
				GCC_WARN_UNUSED_FUNCTION = YES;
				GCC_WARN_UNUSED_VARIABLE = YES;
				IPHONEOS_DEPLOYMENT_TARGET = 14.3;
				MTL_ENABLE_DEBUG_INFO = INCLUDE_SOURCE;
				MTL_FAST_MATH = YES;
				ONLY_ACTIVE_ARCH = YES;
				SDKROOT = iphoneos;
				SWIFT_ACTIVE_COMPILATION_CONDITIONS = DEBUG;
				SWIFT_OPTIMIZATION_LEVEL = "-Onone";
			};
			name = Debug;
		};
		3BC858AC258DE46E00147F8F /* Release */ = {
			isa = XCBuildConfiguration;
			buildSettings = {
				ALWAYS_SEARCH_USER_PATHS = NO;
				CLANG_ANALYZER_NONNULL = YES;
				CLANG_ANALYZER_NUMBER_OBJECT_CONVERSION = YES_AGGRESSIVE;
				CLANG_CXX_LANGUAGE_STANDARD = "gnu++14";
				CLANG_CXX_LIBRARY = "libc++";
				CLANG_ENABLE_MODULES = YES;
				CLANG_ENABLE_OBJC_ARC = YES;
				CLANG_ENABLE_OBJC_WEAK = YES;
				CLANG_WARN_BLOCK_CAPTURE_AUTORELEASING = YES;
				CLANG_WARN_BOOL_CONVERSION = YES;
				CLANG_WARN_COMMA = YES;
				CLANG_WARN_CONSTANT_CONVERSION = YES;
				CLANG_WARN_DEPRECATED_OBJC_IMPLEMENTATIONS = YES;
				CLANG_WARN_DIRECT_OBJC_ISA_USAGE = YES_ERROR;
				CLANG_WARN_DOCUMENTATION_COMMENTS = YES;
				CLANG_WARN_EMPTY_BODY = YES;
				CLANG_WARN_ENUM_CONVERSION = YES;
				CLANG_WARN_INFINITE_RECURSION = YES;
				CLANG_WARN_INT_CONVERSION = YES;
				CLANG_WARN_NON_LITERAL_NULL_CONVERSION = YES;
				CLANG_WARN_OBJC_IMPLICIT_RETAIN_SELF = YES;
				CLANG_WARN_OBJC_LITERAL_CONVERSION = YES;
				CLANG_WARN_OBJC_ROOT_CLASS = YES_ERROR;
				CLANG_WARN_QUOTED_INCLUDE_IN_FRAMEWORK_HEADER = YES;
				CLANG_WARN_RANGE_LOOP_ANALYSIS = YES;
				CLANG_WARN_STRICT_PROTOTYPES = YES;
				CLANG_WARN_SUSPICIOUS_MOVE = YES;
				CLANG_WARN_UNGUARDED_AVAILABILITY = YES_AGGRESSIVE;
				CLANG_WARN_UNREACHABLE_CODE = YES;
				CLANG_WARN__DUPLICATE_METHOD_MATCH = YES;
				COPY_PHASE_STRIP = NO;
				DEBUG_INFORMATION_FORMAT = "dwarf-with-dsym";
				ENABLE_NS_ASSERTIONS = NO;
				ENABLE_STRICT_OBJC_MSGSEND = YES;
				GCC_C_LANGUAGE_STANDARD = gnu11;
				GCC_NO_COMMON_BLOCKS = YES;
				GCC_WARN_64_TO_32_BIT_CONVERSION = YES;
				GCC_WARN_ABOUT_RETURN_TYPE = YES_ERROR;
				GCC_WARN_UNDECLARED_SELECTOR = YES;
				GCC_WARN_UNINITIALIZED_AUTOS = YES_AGGRESSIVE;
				GCC_WARN_UNUSED_FUNCTION = YES;
				GCC_WARN_UNUSED_VARIABLE = YES;
				IPHONEOS_DEPLOYMENT_TARGET = 14.3;
				MTL_ENABLE_DEBUG_INFO = NO;
				MTL_FAST_MATH = YES;
				SDKROOT = iphoneos;
				SWIFT_COMPILATION_MODE = wholemodule;
				SWIFT_OPTIMIZATION_LEVEL = "-O";
				VALIDATE_PRODUCT = YES;
			};
			name = Release;
		};
		3BC858AE258DE46E00147F8F /* Debug */ = {
			isa = XCBuildConfiguration;
			baseConfigurationReference = DD94583EA37108A90312B699 /* Pods-a211LoginF.debug.xcconfig */;
			buildSettings = {
				ASSETCATALOG_COMPILER_APPICON_NAME = AppIcon;
				ASSETCATALOG_COMPILER_GLOBAL_ACCENT_COLOR_NAME = AccentColor;
				CODE_SIGN_STYLE = Automatic;
				DEVELOPMENT_TEAM = XSVW22JPST;
				INFOPLIST_FILE = a211LoginF/Info.plist;
				LD_RUNPATH_SEARCH_PATHS = (
					"$(inherited)",
					"@executable_path/Frameworks",
				);
				PRODUCT_BUNDLE_IDENTIFIER = idv.sjw.a211LoginF;
				PRODUCT_NAME = "$(TARGET_NAME)";
				SWIFT_VERSION = 5.0;
				TARGETED_DEVICE_FAMILY = "1,2";
			};
			name = Debug;
		};
		3BC858AF258DE46E00147F8F /* Release */ = {
			isa = XCBuildConfiguration;
			baseConfigurationReference = 2F95400B1436A877F5B9EC69 /* Pods-a211LoginF.release.xcconfig */;
			buildSettings = {
				ASSETCATALOG_COMPILER_APPICON_NAME = AppIcon;
				ASSETCATALOG_COMPILER_GLOBAL_ACCENT_COLOR_NAME = AccentColor;
				CODE_SIGN_STYLE = Automatic;
				DEVELOPMENT_TEAM = XSVW22JPST;
				INFOPLIST_FILE = a211LoginF/Info.plist;
				LD_RUNPATH_SEARCH_PATHS = (
					"$(inherited)",
					"@executable_path/Frameworks",
				);
				PRODUCT_BUNDLE_IDENTIFIER = idv.sjw.a211LoginF;
				PRODUCT_NAME = "$(TARGET_NAME)";
				SWIFT_VERSION = 5.0;
				TARGETED_DEVICE_FAMILY = "1,2";
			};
			name = Release;
		};
/* End XCBuildConfiguration section */

/* Begin XCConfigurationList section */
		3BC85894258DE46B00147F8F /* Build configuration list for PBXProject "a211LoginF" */ = {
			isa = XCConfigurationList;
			buildConfigurations = (
				3BC858AB258DE46E00147F8F /* Debug */,
				3BC858AC258DE46E00147F8F /* Release */,
			);
			defaultConfigurationIsVisible = 0;
			defaultConfigurationName = Release;
		};
		3BC858AD258DE46E00147F8F /* Build configuration list for PBXNativeTarget "a211LoginF" */ = {
			isa = XCConfigurationList;
			buildConfigurations = (
				3BC858AE258DE46E00147F8F /* Debug */,
				3BC858AF258DE46E00147F8F /* Release */,
			);
			defaultConfigurationIsVisible = 0;
			defaultConfigurationName = Release;
		};
/* End XCConfigurationList section */
	};
	rootObject = 3BC85891258DE46B00147F8F /* Project object */;
}
